
Microsoft Visual Studio Solution File, Format Version 12.00
# Visual Studio Version 17
VisualStudioVersion = 17.1.32414.318
MinimumVisualStudioVersion = 10.0.40219.1
Project("{9A19103F-16F7-4668-BE54-9A1E7A4F7556}") = "ConsultaAlumnos.API", "ConsultaAlumnos.Presentacion\ConsultaAlumnos.API.csproj", "{D678872D-A944-4194-B369-10257CE026D9}"
EndProject
Global
	GlobalSection(SolutionConfigurationPlatforms) = preSolution
		Debug|Any CPU = Debug|Any CPU
		Release|Any CPU = Release|Any CPU
	EndGlobalSection
	GlobalSection(ProjectConfigurationPlatforms) = postSolution
		{D678872D-A944-4194-B369-10257CE026D9}.Debug|Any CPU.ActiveCfg = Debug|Any CPU
		{D678872D-A944-4194-B369-10257CE026D9}.Debug|Any CPU.Build.0 = Debug|Any CPU
		{D678872D-A944-4194-B369-10257CE026D9}.Release|Any CPU.ActiveCfg = Release|Any CPU
		{D678872D-A944-4194-B369-10257CE026D9}.Release|Any CPU.Build.0 = Release|Any CPU
	EndGlobalSection
	GlobalSection(SolutionProperties) = preSolution
		HideSolutionNode = FALSE
	EndGlobalSection
	GlobalSection(ExtensibilityGlobals) = postSolution
		SolutionGuid = {C60D2E91-D186-4CB6-B0BD-3781BE4BCE0C}
	EndGlobalSection
EndGlobal
